
Microsoft Visual Studio Solution File, Format Version 12.00
# Visual Studio 16
Project("{FAE04EC0-301F-11D3-BF4B-00C04F79EFBC}") = "Assembly-CSharp", "Assembly-CSharp.csproj", "{9F4FF1ED-4333-F511-B2A1-152C15D003E9}"
EndProject
Project("{FAE04EC0-301F-11D3-BF4B-00C04F79EFBC}") = "UniRx.Async", "UniRx.Async.csproj", "{BA350F52-E14E-069E-DF0D-6D9D71652924}"
EndProject
Project("{FAE04EC0-301F-11D3-BF4B-00C04F79EFBC}") = "UniRx.Async.Editor", "UniRx.Async.Editor.csproj", "{C047E297-B281-0DD7-5FEC-8314297CB230}"
EndProject
Project("{FAE04EC0-301F-11D3-BF4B-00C04F79EFBC}") = "Assembly-CSharp-Editor", "Assembly-CSharp-Editor.csproj", "{890FFAD7-465D-309E-2D90-E994474BBBF1}"
EndProject
Global
	GlobalSection(SolutionConfigurationPlatforms) = preSolution
		Debug|Any CPU = Debug|Any CPU
		Release|Any CPU = Release|Any CPU
	EndGlobalSection
	GlobalSection(ProjectConfigurationPlatforms) = postSolution
		{9F4FF1ED-4333-F511-B2A1-152C15D003E9}.Debug|Any CPU.ActiveCfg = Debug|Any CPU
		{9F4FF1ED-4333-F511-B2A1-152C15D003E9}.Debug|Any CPU.Build.0 = Debug|Any CPU
		{9F4FF1ED-4333-F511-B2A1-152C15D003E9}.Release|Any CPU.ActiveCfg = Release|Any CPU
		{9F4FF1ED-4333-F511-B2A1-152C15D003E9}.Release|Any CPU.Build.0 = Release|Any CPU
		{BA350F52-E14E-069E-DF0D-6D9D71652924}.Debug|Any CPU.ActiveCfg = Debug|Any CPU
		{BA350F52-E14E-069E-DF0D-6D9D71652924}.Debug|Any CPU.Build.0 = Debug|Any CPU
		{BA350F52-E14E-069E-DF0D-6D9D71652924}.Release|Any CPU.ActiveCfg = Release|Any CPU
		{BA350F52-E14E-069E-DF0D-6D9D71652924}.Release|Any CPU.Build.0 = Release|Any CPU
		{C047E297-B281-0DD7-5FEC-8314297CB230}.Debug|Any CPU.ActiveCfg = Debug|Any CPU
		{C047E297-B281-0DD7-5FEC-8314297CB230}.Debug|Any CPU.Build.0 = Debug|Any CPU
		{C047E297-B281-0DD7-5FEC-8314297CB230}.Release|Any CPU.ActiveCfg = Release|Any CPU
		{C047E297-B281-0DD7-5FEC-8314297CB230}.Release|Any CPU.Build.0 = Release|Any CPU
		{890FFAD7-465D-309E-2D90-E994474BBBF1}.Debug|Any CPU.ActiveCfg = Debug|Any CPU
		{890FFAD7-465D-309E-2D90-E994474BBBF1}.Debug|Any CPU.Build.0 = Debug|Any CPU
		{890FFAD7-465D-309E-2D90-E994474BBBF1}.Release|Any CPU.ActiveCfg = Release|Any CPU
		{890FFAD7-465D-309E-2D90-E994474BBBF1}.Release|Any CPU.Build.0 = Release|Any CPU
	EndGlobalSection
	GlobalSection(SolutionProperties) = preSolution
		HideSolutionNode = FALSE
	EndGlobalSection
EndGlobal
